{
  "name": "ai-learning-platform",
  "version": "1.0.0",
  "lockfileVersion": 3,
  "requires": true,
  "packages": {
    "": {
      "name": "ai-learning-platform",
      "version": "1.0.0",
      "license": "MIT",
      "dependencies": {
        "compression": "^1.7.4",
        "cors": "^2.8.5",
        "express": "^4.18.2",
        "helmet": "^7.0.0"
      },
      "devDependencies": {
        "@axe-core/puppeteer": "^4.7.3",
        "eslint": "^8.48.0",
        "nodemon": "^3.0.1",
        "puppeteer": "^21.1.1"
      },
      "engines": {
        "node": ">=16.0.0"
      }
    },
    "node_modules/@axe-core/puppeteer": {
      "version": "4.7.3",
      "resolved": "https://registry.npmjs.org/@axe-core/puppeteer/-/puppeteer-4.7.3.tgz",
      "integrity": "sha512-CdAJefZ5xkQ4QrU7UX0fcXXu0QBGhcOIXRzSS0hnK+9dQJkLPzFYRKpzcOeiVL0o9IPzEqTFdXo6U/ZoFVNf0w==",
      "dev": true,
      "dependencies": {
        "axe-core": "^4.7.3"
      },
      "peerDependencies": {
        "puppeteer": ">= 1.10.0"
      }
    },
    "node_modules/axe-core": {
      "version": "4.7.3",
      "resolved": "https://registry.npmjs.org/axe-core/-/axe-core-4.7.3.tgz",
      "integrity": "sha512-djx+XmvTrVODfXH98EcWVZtbqBRyV3lG3KWOXjPoF4JT1NjqZ9S2jukEs5/rXKcZ8jIVnzYUKnNGOKLTXBvRQ==",
      "dev": true,
      "engines": {
        "node": ">=4"
      }
    },
    "node_modules/compression": {
      "version": "1.7.4",
      "resolved": "https://registry.npmjs.org/compression/-/compression-1.7.4.tgz",
      "integrity": "sha512-jaSIDzP9pZVS4ZfQ+TzvtiWhdpFhE2RDHz8QJkpX9SIpLq88VueF5jJw6t+6CUQcAoA6t+x89MLrWAqpfDE8iQ==",
      "dependencies": {
        "accepts": "~1.3.5",
        "bytes": "3.0.0",
        "compressible": "~2.0.16",
        "debug": "2.6.9",
        "on-headers": "~1.0.2",
        "safe-buffer": "5.1.2",
        "vary": "~1.1.2"
      },
      "engines": {
        "node": ">= 0.8.0"
      }
    },
    "node_modules/cors": {
      "version": "2.8.5",
      "resolved": "https://registry.npmjs.org/cors/-/cors-2.8.5.tgz",
      "integrity": "sha512-KIHbLJqu73RGr/hnbrO9uBeixNGuvSQjul/jdFvS/KFSIH1hWVd1ng7zOHx+YrEfInLG7q4n6GHQ9cDtxv/P6g==",
      "dependencies": {
        "object-assign": "^4",
        "vary": "^1"
      },
      "engines": {
        "node": ">= 0.10"
      }
    },
    "node_modules/express": {
      "version": "4.18.2",
      "resolved": "https://registry.npmjs.org/express/-/express-4.18.2.tgz",
      "integrity": "sha512-5/PsL6iGPdfQ/lKM1UuielYgv3BUoJfz1aUwU9vHZ+J7gyvwdQXFEBIEIaxeGf0GIcreATNyBExtalisDbuMqQ==",
      "dependencies": {
        "accepts": "~1.3.8",
        "array-flatten": "1.1.1",
        "body-parser": "1.20.1",
        "content-disposition": "0.5.4",
        "content-type": "~1.0.4",
        "cookie": "0.5.0",
        "cookie-signature": "1.0.6",
        "debug": "2.6.9",
        "depd": "2.0.0",
        "encodeurl": "~1.0.2",
        "escape-html": "~1.0.3",
        "etag": "~1.8.1",
        "finalhandler": "1.2.0",
        "fresh": "0.5.2",
        "http-errors": "2.0.0",
        "merge-descriptors": "1.0.1",
        "methods": "~1.1.2",
        "on-finished": "2.4.1",
        "parseurl": "~1.3.3",
        "path-to-regexp": "0.1.7",
        "proxy-addr": "~2.0.7",
        "qs": "6.11.0",
        "range-parser": "~1.2.1",
        "safe-buffer": "5.2.1",
        "send": "0.18.0",
        "serve-static": "1.15.0",
        "setprototypeof": "1.2.0",
        "statuses": "2.0.1",
        "type-is": "~1.6.18",
        "utils-merge": "1.0.1",
        "vary": "~1.1.2"
      },
      "engines": {
        "node": ">= 0.10.0"
      }
    },
    "node_modules/helmet": {
      "version": "7.0.0",
      "resolved": "https://registry.npmjs.org/helmet/-/helmet-7.0.0.tgz",
      "integrity": "sha512-MsYDtu+Z72UgX9Mz/R1uqL5YgMIj+G7nYEFEJQGHknKtMIAD8jtXXGhpV3BJ4dRUdvQRI9Oqy5P7N16IQwUMw==",
      "engines": {
        "node": ">=14.0.0"
      }
    },
    "node_modules/nodemon": {
      "version": "3.0.1",
      "resolved": "https://registry.npmjs.org/nodemon/-/nodemon-3.0.1.tgz",
      "integrity": "sha512-g9AZ7HmkhQkqXkRc20w+ZfQ73cHLbE8hnPbtaFbFtCumZsjyMhKk9LajQ2rq2cL1DpB8jNxyw8fjk1IxtEy0w==",
      "dev": true,
      "hasInstallScript": true,
      "dependencies": {
        "chokidar": "^3.5.2",
        "debug": "^3.2.7",
        "ignore-by-default": "^1.0.1",
        "minimatch": "^3.1.2",
        "pstree.remy": "^1.1.8",
        "semver": "^7.5.3",
        "simple-update-notifier": "^2.0.0",
        "supports-color": "^5.5.0",
        "touch": "^3.1.0",
        "undefsafe": "^2.0.5"
      },
      "bin": {
        "nodemon": "bin/nodemon.js"
      },
      "engines": {
        "node": ">=10"
      }
    },
    "node_modules/puppeteer": {
      "version": "21.1.1",
      "resolved": "https://registry.npmjs.org/puppeteer/-/puppeteer-21.1.1.tgz",
      "integrity": "sha512-rCCKnomQQI7MBIccTQ7jWBlGbJfWmBH9cQgC0NRO5LM9jJj3y9d7e5pDpSXe7IEbingf6V9aXXI+ZcKjI6UKw==",
      "dev": true,
      "dependencies": {
        "cosmiconfig": "8.2.0",
        "puppeteer-core": "21.1.1",
        "semver": "7.5.4"
      },
      "engines": {
        "node": ">=16.3.0"
      }
    },
    "node_modules/eslint": {
      "version": "8.48.0",
      "resolved": "https://registry.npmjs.org/eslint/-/eslint-8.48.0.tgz",
      "integrity": "sha512-if1L8l7do5Peb6csX1Z5xgLooJVHRT/1Y1UxrRFX5PQVYkjGqKU2J/V8i3cxlw7fYx4HlJ7fJOx0p4yxDeS4A==",
      "dev": true,
      "dependencies": {
        "@eslint/eslintrc": "^2.1.2",
        "@eslint/js": "8.48.0",
        "@humanwhocodes/config-array": "^0.11.11",
        "@humanwhocodes/module-importer": "^1.0.1",
        "@nodelib/fs.walk": "^1.2.8",
        "ajv": "^6.10.0",
        "chalk": "^4.0.0",
        "cross-spawn": "^7.0.2",
        "debug": "^4.3.2",
        "doctrine": "^3.0.0",
        "escape-string-regexp": "^4.0.0",
        "eslint-scope": "^7.2.2",
        "eslint-visitor-keys": "^3.4.3",
        "espree": "^9.6.1",
        "esquery": "^1.4.2",
        "esutils": "^2.0.2",
        "fast-deep-equal": "^3.1.3",
        "file-entry-cache": "^6.0.1",
        "find-up": "^5.0.0",
        "glob-parent": "^6.0.2",
        "globals": "^13.20.0",
        "graphemer": "^1.4.0",
        "ignore": "^5.2.0",
        "imurmurhash": "^0.1.4",
        "is-glob": "^4.0.0",
        "is-path-inside": "^3.0.3",
        "js-yaml": "^4.1.0",
        "json-stable-stringify-without-jsonify": "^1.0.1",
        "levn": "^0.4.1",
        "lodash.merge": "^4.6.2",
        "minimatch": "^3.1.2",
        "natural-compare": "^1.4.0",
        "optionator": "^0.9.3",
        "strip-ansi": "^6.0.1",
        "text-table": "^0.2.0"
      },
      "bin": {
        "eslint": "bin/eslint.js"
      },
      "engines": {
        "node": "^12.22.0 || ^14.17.0 || >=16.0.0"
      }
    }
  }
}
